
Microsoft Visual Studio Solution File, Format Version 12.00
# Visual Studio Version 17
VisualStudioVersion = 17.4.33213.308
MinimumVisualStudioVersion = 10.0.40219.1
Project("{FAE04EC0-301F-11D3-BF4B-00C04F79EFBC}") = "HW_5_1_HTTP-StatusCodes", "HW_5_1_HTTP-StatusCodes\HW_5_1_HTTP-StatusCodes.csproj", "{88779A38-081C-49D8-8739-DAA48C852260}"
EndProject
Global
	GlobalSection(SolutionConfigurationPlatforms) = preSolution
		Debug|Any CPU = Debug|Any CPU
		Release|Any CPU = Release|Any CPU
	EndGlobalSection
	GlobalSection(ProjectConfigurationPlatforms) = postSolution
		{88779A38-081C-49D8-8739-DAA48C852260}.Debug|Any CPU.ActiveCfg = Debug|Any CPU
		{88779A38-081C-49D8-8739-DAA48C852260}.Debug|Any CPU.Build.0 = Debug|Any CPU
		{88779A38-081C-49D8-8739-DAA48C852260}.Release|Any CPU.ActiveCfg = Release|Any CPU
		{88779A38-081C-49D8-8739-DAA48C852260}.Release|Any CPU.Build.0 = Release|Any CPU
	EndGlobalSection
	GlobalSection(SolutionProperties) = preSolution
		HideSolutionNode = FALSE
	EndGlobalSection
	GlobalSection(ExtensibilityGlobals) = postSolution
		SolutionGuid = {0E0BC504-0660-4EE6-8C8C-3421DF1F3CB7}
	EndGlobalSection
EndGlobal
