
Microsoft Visual Studio Solution File, Format Version 12.00
# Visual Studio Version 17
VisualStudioVersion = 17.4.33205.214
MinimumVisualStudioVersion = 10.0.40219.1
Project("{FAE04EC0-301F-11D3-BF4B-00C04F79EFBC}") = "HW_3_Praktika _1_LinkedList", "HW_3_Praktika _1_LinkedList\HW_3_Praktika _1_LinkedList.csproj", "{871C0B3A-51E2-4EA5-96DB-F6A0571CCFF2}"
EndProject
Global
	GlobalSection(SolutionConfigurationPlatforms) = preSolution
		Debug|Any CPU = Debug|Any CPU
		Release|Any CPU = Release|Any CPU
	EndGlobalSection
	GlobalSection(ProjectConfigurationPlatforms) = postSolution
		{871C0B3A-51E2-4EA5-96DB-F6A0571CCFF2}.Debug|Any CPU.ActiveCfg = Debug|Any CPU
		{871C0B3A-51E2-4EA5-96DB-F6A0571CCFF2}.Debug|Any CPU.Build.0 = Debug|Any CPU
		{871C0B3A-51E2-4EA5-96DB-F6A0571CCFF2}.Release|Any CPU.ActiveCfg = Release|Any CPU
		{871C0B3A-51E2-4EA5-96DB-F6A0571CCFF2}.Release|Any CPU.Build.0 = Release|Any CPU
	EndGlobalSection
	GlobalSection(SolutionProperties) = preSolution
		HideSolutionNode = FALSE
	EndGlobalSection
	GlobalSection(ExtensibilityGlobals) = postSolution
		SolutionGuid = {0585E8F7-EEAE-4390-A1D4-EFFEB6FB0BB6}
	EndGlobalSection
EndGlobal
