
Microsoft Visual Studio Solution File, Format Version 12.00
# Visual Studio Version 17
VisualStudioVersion = 17.4.33205.214
MinimumVisualStudioVersion = 10.0.40219.1
Project("{FAE04EC0-301F-11D3-BF4B-00C04F79EFBC}") = "HW_3_1_List", "HW_3_1_List\HW_3_1_List.csproj", "{88B82F63-5E84-4434-85AA-A6A629185ECB}"
EndProject
Global
	GlobalSection(SolutionConfigurationPlatforms) = preSolution
		Debug|Any CPU = Debug|Any CPU
		Release|Any CPU = Release|Any CPU
	EndGlobalSection
	GlobalSection(ProjectConfigurationPlatforms) = postSolution
		{88B82F63-5E84-4434-85AA-A6A629185ECB}.Debug|Any CPU.ActiveCfg = Debug|Any CPU
		{88B82F63-5E84-4434-85AA-A6A629185ECB}.Debug|Any CPU.Build.0 = Debug|Any CPU
		{88B82F63-5E84-4434-85AA-A6A629185ECB}.Release|Any CPU.ActiveCfg = Release|Any CPU
		{88B82F63-5E84-4434-85AA-A6A629185ECB}.Release|Any CPU.Build.0 = Release|Any CPU
	EndGlobalSection
	GlobalSection(SolutionProperties) = preSolution
		HideSolutionNode = FALSE
	EndGlobalSection
	GlobalSection(ExtensibilityGlobals) = postSolution
		SolutionGuid = {8A89E124-B3BC-4500-992E-788C8A91D4C5}
	EndGlobalSection
EndGlobal
